{
	"name": "@authgear/core",
	"version": "0.19.0",
	"lockfileVersion": 2,
	"requires": true,
	"packages": {
		"": {
			"name": "@authgear/core",
			"version": "0.18.0",
			"license": "Apache-2.0",
			"devDependencies": {
				"base64-arraybuffer": "1.0.2",
				"core-js-pure": "3.21.1",
				"text-encoding-shim": "1.0.5"
			}
		},
		"node_modules/base64-arraybuffer": {
			"version": "1.0.2",
			"resolved": "https://registry.npmjs.org/base64-arraybuffer/-/base64-arraybuffer-1.0.2.tgz",
			"integrity": "sha512-I3yl4r9QB5ZRY3XuJVEPfc2XhZO6YweFPI+UovAzn+8/hb3oJ6lnysaFcjVpkCPfVWFUDvoZ8kmVDP7WyRtYtQ==",
			"dev": true,
			"engines": {
				"node": ">= 0.6.0"
			}
		},
		"node_modules/core-js-pure": {
			"version": "3.21.1",
			"resolved": "https://registry.npmjs.org/core-js-pure/-/core-js-pure-3.21.1.tgz",
			"integrity": "sha512-12VZfFIu+wyVbBebyHmRTuEE/tZrB4tJToWcwAMcsp3h4+sHR+fMJWbKpYiCRWlhFBq+KNyO8rIV9rTkeVmznQ==",
			"dev": true,
			"hasInstallScript": true,
			"funding": {
				"type": "opencollective",
				"url": "https://opencollective.com/core-js"
			}
		},
		"node_modules/text-encoding-shim": {
			"version": "1.0.5",
			"resolved": "https://registry.npmjs.org/text-encoding-shim/-/text-encoding-shim-1.0.5.tgz",
			"integrity": "sha512-H7yYW+jRn4yhu60ygZ2f/eMhXPITRt4QSUTKzLm+eCaDsdX8avmgWpmtmHAzesjBVUTAypz9odu5RKUjX5HNYA==",
			"dev": true
		}
	},
	"dependencies": {
		"base64-arraybuffer": {
			"version": "1.0.2",
			"resolved": "https://registry.npmjs.org/base64-arraybuffer/-/base64-arraybuffer-1.0.2.tgz",
			"integrity": "sha512-I3yl4r9QB5ZRY3XuJVEPfc2XhZO6YweFPI+UovAzn+8/hb3oJ6lnysaFcjVpkCPfVWFUDvoZ8kmVDP7WyRtYtQ==",
			"dev": true
		},
		"core-js-pure": {
			"version": "3.21.1",
			"resolved": "https://registry.npmjs.org/core-js-pure/-/core-js-pure-3.21.1.tgz",
			"integrity": "sha512-12VZfFIu+wyVbBebyHmRTuEE/tZrB4tJToWcwAMcsp3h4+sHR+fMJWbKpYiCRWlhFBq+KNyO8rIV9rTkeVmznQ==",
			"dev": true
		},
		"text-encoding-shim": {
			"version": "1.0.5",
			"resolved": "https://registry.npmjs.org/text-encoding-shim/-/text-encoding-shim-1.0.5.tgz",
			"integrity": "sha512-H7yYW+jRn4yhu60ygZ2f/eMhXPITRt4QSUTKzLm+eCaDsdX8avmgWpmtmHAzesjBVUTAypz9odu5RKUjX5HNYA==",
			"dev": true
		}
	}
}
