{
	"name": "@authgear/web",
	"version": "0.20.0",
	"lockfileVersion": 2,
	"requires": true,
	"packages": {
		"": {
			"name": "@authgear/web",
			"version": "0.20.0",
			"license": "Apache-2.0",
			"devDependencies": {
				"core-js-pure": "3.22.7"
			}
		},
		"node_modules/core-js-pure": {
			"version": "3.22.7",
			"resolved": "https://registry.npmjs.org/core-js-pure/-/core-js-pure-3.22.7.tgz",
			"integrity": "sha512-wTriFxiZI+C8msGeh7fJcbC/a0V8fdInN1oS2eK79DMBGs8iIJiXhtFJCiT3rBa8w6zroHWW3p8ArlujZ/Mz+w==",
			"dev": true,
			"hasInstallScript": true,
			"funding": {
				"type": "opencollective",
				"url": "https://opencollective.com/core-js"
			}
		}
	},
	"dependencies": {
		"core-js-pure": {
			"version": "3.22.7",
			"resolved": "https://registry.npmjs.org/core-js-pure/-/core-js-pure-3.22.7.tgz",
			"integrity": "sha512-wTriFxiZI+C8msGeh7fJcbC/a0V8fdInN1oS2eK79DMBGs8iIJiXhtFJCiT3rBa8w6zroHWW3p8ArlujZ/Mz+w==",
			"dev": true
		}
	}
}
