{
	"name": "@authgear/web",
	"version": "0.18.0",
	"lockfileVersion": 2,
	"requires": true,
	"packages": {
		"": {
			"name": "@authgear/web",
			"version": "0.18.0",
			"license": "Apache-2.0",
			"devDependencies": {
				"core-js-pure": "3.21.1"
			}
		},
		"node_modules/core-js-pure": {
			"version": "3.21.1",
			"resolved": "https://registry.npmjs.org/core-js-pure/-/core-js-pure-3.21.1.tgz",
			"integrity": "sha512-12VZfFIu+wyVbBebyHmRTuEE/tZrB4tJToWcwAMcsp3h4+sHR+fMJWbKpYiCRWlhFBq+KNyO8rIV9rTkeVmznQ==",
			"dev": true,
			"hasInstallScript": true,
			"funding": {
				"type": "opencollective",
				"url": "https://opencollective.com/core-js"
			}
		}
	},
	"dependencies": {
		"core-js-pure": {
			"version": "3.21.1",
			"resolved": "https://registry.npmjs.org/core-js-pure/-/core-js-pure-3.21.1.tgz",
			"integrity": "sha512-12VZfFIu+wyVbBebyHmRTuEE/tZrB4tJToWcwAMcsp3h4+sHR+fMJWbKpYiCRWlhFBq+KNyO8rIV9rTkeVmznQ==",
			"dev": true
		}
	}
}
