{
  "name": "@authgear/web",
  "version": "2.5.1",
  "lockfileVersion": 2,
  "requires": true,
  "packages": {
    "": {
      "name": "@authgear/web",
      "version": "2.5.1",
      "license": "Apache-2.0",
      "devDependencies": {
        "@authgear/core": "file:../authgear-core",
        "core-js-pure": "3.22.7"
      }
    },
    "../authgear-core": {
      "name": "@authgear/core",
      "version": "2.5.1",
      "dev": true,
      "license": "Apache-2.0",
      "devDependencies": {
        "base64-arraybuffer": "1.0.2",
        "core-js-pure": "3.22.7",
        "text-encoding-shim": "1.0.5"
      }
    },
    "node_modules/@authgear/core": {
      "resolved": "../authgear-core",
      "link": true
    },
    "node_modules/core-js-pure": {
      "version": "3.22.7",
      "resolved": "https://registry.npmjs.org/core-js-pure/-/core-js-pure-3.22.7.tgz",
      "integrity": "sha512-wTriFxiZI+C8msGeh7fJcbC/a0V8fdInN1oS2eK79DMBGs8iIJiXhtFJCiT3rBa8w6zroHWW3p8ArlujZ/Mz+w==",
      "deprecated": "core-js-pure@<3.23.3 is no longer maintained and not recommended for usage due to the number of issues. Because of the V8 engine whims, feature detection in old core-js versions could cause a slowdown up to 100x even if nothing is polyfilled. Some versions have web compatibility issues. Please, upgrade your dependencies to the actual version of core-js-pure.",
      "dev": true,
      "hasInstallScript": true,
      "funding": {
        "type": "opencollective",
        "url": "https://opencollective.com/core-js"
      }
    }
  },
  "dependencies": {
    "@authgear/core": {
      "version": "file:../authgear-core",
      "requires": {
        "base64-arraybuffer": "1.0.2",
        "core-js-pure": "3.22.7",
        "text-encoding-shim": "1.0.5"
      }
    },
    "core-js-pure": {
      "version": "3.22.7",
      "resolved": "https://registry.npmjs.org/core-js-pure/-/core-js-pure-3.22.7.tgz",
      "integrity": "sha512-wTriFxiZI+C8msGeh7fJcbC/a0V8fdInN1oS2eK79DMBGs8iIJiXhtFJCiT3rBa8w6zroHWW3p8ArlujZ/Mz+w==",
      "dev": true
    }
  }
}
